{
  "name": "@meveo-org/mv-calendar",
  "version": "1.0.0",
  "lockfileVersion": 1,
  "requires": true,
  "dependencies": {
    "@lit/reactive-element": {
      "version": "1.0.2",
      "resolved": "https://registry.npmjs.org/@lit/reactive-element/-/reactive-element-1.0.2.tgz",
      "integrity": "sha512-oz3d3MKjQ2tXynQgyaQaMpGTDNyNDeBdo6dXf1AbjTwhA1IRINHmA7kSaVYv9ttKweNkEoNqp9DqteDdgWzPEg=="
    },
    "@meveo-org/mv-click-away": {
      "version": "1.0.0",
      "resolved": "https://npm.pkg.github.com/download/@meveo-org/mv-click-away/1.0.0/a1d78e04014fbd1f2ce3bf3e5a59931aafeaad7ef93605d7fd0fea17fb23df37",
      "integrity": "sha512-tYqcPYzPfirQuX0SD/8UqegRkr5t6o4va/1iO4utEpDvXOnhhA+9ukTvWSKT5u/VjmqB9tU5C6ncwc4DPlP20w=="
    },
    "@meveo-org/mv-container": {
      "version": "1.0.0",
      "resolved": "https://npm.pkg.github.com/download/@meveo-org/mv-container/1.0.0/27bf10d22d5fb363c47c89cf4c7ebae31c0f1cd2d8f4d5a3f956355d49992b8a",
      "integrity": "sha512-4QycSyfwEF2vo0boaPhDlSg3n7YhLuLBkyXecObI02qH6dObi9Y21Z0eeDRrwg7VehL8q6zcgtNglILuahWpUA==",
      "requires": {
        "lit-element": "^3.0.2"
      }
    },
    "@meveo-org/mv-dropdown": {
      "version": "1.0.0",
      "resolved": "https://npm.pkg.github.com/download/@meveo-org/mv-dropdown/1.0.0/9f4ea76ec3dc3a73031abe1fe73b080805decebf3ea5b7e87faa3f512874e7b2",
      "integrity": "sha512-Qzpm14NfFmKPpqPVqd5rfnHqZw1Dsda8qLBaJgAfw1hKbMom2tUE9jkO/9Enn+9eBfqtru5tXDisuuM9MXFhhA==",
      "requires": {
        "@meveo-org/mv-click-away": "^1.0.0"
      }
    },
    "@meveo-org/mv-input": {
      "version": "1.0.0",
      "resolved": "https://npm.pkg.github.com/download/@meveo-org/mv-input/1.0.0/ac2e05d9503093f59c57efa3cbc6a533ba27efb2ab958efa600c8e035f646197",
      "integrity": "sha512-QpF4tTEZYFYfKHTsnJ/Ys99eDPAMzyVFfeqbFVhcemP13aJymfIFnzNzj8oXHGo4m4srvO3NIQpOBDy54n9edQ==",
      "requires": {
        "@meveo-org/mv-container": "^1.0.0"
      }
    },
    "@types/trusted-types": {
      "version": "2.0.2",
      "resolved": "https://registry.npmjs.org/@types/trusted-types/-/trusted-types-2.0.2.tgz",
      "integrity": "sha512-F5DIZ36YVLE+PN+Zwws4kJogq47hNgX3Nx6WyDJ3kcplxyke3XIzB8uK5n/Lpm1HBsbGzd6nmGehL8cPekP+Tg=="
    },
    "lit-element": {
      "version": "3.0.2",
      "resolved": "https://registry.npmjs.org/lit-element/-/lit-element-3.0.2.tgz",
      "integrity": "sha512-9vTJ47D2DSE4Jwhle7aMzEwO2ZcOPRikqfT3CVG7Qol2c9/I4KZwinZNW5Xv8hNm+G/enSSfIwqQhIXi6ioAUg==",
      "requires": {
        "@lit/reactive-element": "^1.0.0",
        "lit-html": "^2.0.0"
      }
    },
    "lit-html": {
      "version": "2.0.2",
      "resolved": "https://registry.npmjs.org/lit-html/-/lit-html-2.0.2.tgz",
      "integrity": "sha512-dON7Zg8btb14/fWohQLQBdSgkoiQA4mIUy87evmyJHtxRq7zS6LlC32bT5EPWiof5PUQaDpF45v2OlrxHA5Clg==",
      "requires": {
        "@types/trusted-types": "^2.0.2"
      }
    }
  }
}
